// !$*UTF8*$!
{
	archiveVersion = 1;
	classes = {
	};
	objectVersion = 46;
	objects = {

/* Begin PBXBuildFile section */
		F4142F781CF0A23C004140FE /* AppDelegate.swift in Sources */ = {isa = PBXBuildFile; fileRef = F4142F771CF0A23C004140FE /* AppDelegate.swift */; };
		F4142F7A1CF0A23C004140FE /* ViewController.swift in Sources */ = {isa = PBXBuildFile; fileRef = F4142F791CF0A23C004140FE /* ViewController.swift */; };
		F4142F7D1CF0A23C004140FE /* Main.storyboard in Resources */ = {isa = PBXBuildFile; fileRef = F4142F7B1CF0A23C004140FE /* Main.storyboard */; };
		F4142F7F1CF0A23C004140FE /* Assets.xcassets in Resources */ = {isa = PBXBuildFile; fileRef = F4142F7E1CF0A23C004140FE /* Assets.xcassets */; };
		F4142F821CF0A23C004140FE /* LaunchScreen.storyboard in Resources */ = {isa = PBXBuildFile; fileRef = F4142F801CF0A23C004140FE /* LaunchScreen.storyboard */; };
		F4142F8D1CF0A23C004140FE /* Advanced_SeguesTests.swift in Sources */ = {isa = PBXBuildFile; fileRef = F4142F8C1CF0A23C004140FE /* Advanced_SeguesTests.swift */; };
		F4142F981CF0A23C004140FE /* Advanced_SeguesUITests.swift in Sources */ = {isa = PBXBuildFile; fileRef = F4142F971CF0A23C004140FE /* Advanced_SeguesUITests.swift */; };
/* End PBXBuildFile section */

/* Begin PBXContainerItemProxy section */
		F4142F891CF0A23C004140FE /* PBXContainerItemProxy */ = {
			isa = PBXContainerItemProxy;
			containerPortal = F4142F6C1CF0A23B004140FE /* Project object */;
			proxyType = 1;
			remoteGlobalIDString = F4142F731CF0A23B004140FE;
			remoteInfo = "Advanced Segues";
		};
		F4142F941CF0A23C004140FE /* PBXContainerItemProxy */ = {
			isa = PBXContainerItemProxy;
			containerPortal = F4142F6C1CF0A23B004140FE /* Project object */;
			proxyType = 1;
			remoteGlobalIDString = F4142F731CF0A23B004140FE;
			remoteInfo = "Advanced Segues";
		};
/* End PBXContainerItemProxy section */

/* Begin PBXFileReference section */
		F4142F741CF0A23C004140FE /* Advanced Segues.app */ = {isa = PBXFileReference; explicitFileType = wrapper.application; includeInIndex = 0; path = "Advanced Segues.app"; sourceTree = BUILT_PRODUCTS_DIR; };
		F4142F771CF0A23C004140FE /* AppDelegate.swift */ = {isa = PBXFileReference; lastKnownFileType = sourcecode.swift; path = AppDelegate.swift; sourceTree = "<group>"; };
		F4142F791CF0A23C004140FE /* ViewController.swift */ = {isa = PBXFileReference; lastKnownFileType = sourcecode.swift; path = ViewController.swift; sourceTree = "<group>"; };
		F4142F7C1CF0A23C004140FE /* Base */ = {isa = PBXFileReference; lastKnownFileType = file.storyboard; name = Base; path = Base.lproj/Main.storyboard; sourceTree = "<group>"; };
		F4142F7E1CF0A23C004140FE /* Assets.xcassets */ = {isa = PBXFileReference; lastKnownFileType = folder.assetcatalog; path = Assets.xcassets; sourceTree = "<group>"; };
		F4142F811CF0A23C004140FE /* Base */ = {isa = PBXFileReference; lastKnownFileType = file.storyboard; name = Base; path = Base.lproj/LaunchScreen.storyboard; sourceTree = "<group>"; };
		F4142F831CF0A23C004140FE /* Info.plist */ = {isa = PBXFileReference; lastKnownFileType = text.plist.xml; path = Info.plist; sourceTree = "<group>"; };
		F4142F881CF0A23C004140FE /* Advanced SeguesTests.xctest */ = {isa = PBXFileReference; explicitFileType = wrapper.cfbundle; includeInIndex = 0; path = "Advanced SeguesTests.xctest"; sourceTree = BUILT_PRODUCTS_DIR; };
		F4142F8C1CF0A23C004140FE /* Advanced_SeguesTests.swift */ = {isa = PBXFileReference; lastKnownFileType = sourcecode.swift; path = Advanced_SeguesTests.swift; sourceTree = "<group>"; };
		F4142F8E1CF0A23C004140FE /* Info.plist */ = {isa = PBXFileReference; lastKnownFileType = text.plist.xml; path = Info.plist; sourceTree = "<group>"; };
		F4142F931CF0A23C004140FE /* Advanced SeguesUITests.xctest */ = {isa = PBXFileReference; explicitFileType = wrapper.cfbundle; includeInIndex = 0; path = "Advanced SeguesUITests.xctest"; sourceTree = BUILT_PRODUCTS_DIR; };
		F4142F971CF0A23C004140FE /* Advanced_SeguesUITests.swift */ = {isa = PBXFileReference; lastKnownFileType = sourcecode.swift; path = Advanced_SeguesUITests.swift; sourceTree = "<group>"; };
		F4142F991CF0A23C004140FE /* Info.plist */ = {isa = PBXFileReference; lastKnownFileType = text.plist.xml; path = Info.plist; sourceTree = "<group>"; };
/* End PBXFileReference section */

/* Begin PBXFrameworksBuildPhase section */
		F4142F711CF0A23B004140FE /* Frameworks */ = {
			isa = PBXFrameworksBuildPhase;
			buildActionMask = 2147483647;
			files = (
			);
			runOnlyForDeploymentPostprocessing = 0;
		};
		F4142F851CF0A23C004140FE /* Frameworks */ = {
			isa = PBXFrameworksBuildPhase;
			buildActionMask = 2147483647;
			files = (
			);
			runOnlyForDeploymentPostprocessing = 0;
		};
		F4142F901CF0A23C004140FE /* Frameworks */ = {
			isa = PBXFrameworksBuildPhase;
			buildActionMask = 2147483647;
			files = (
			);
			runOnlyForDeploymentPostprocessing = 0;
		};
/* End PBXFrameworksBuildPhase section */

/* Begin PBXGroup section */
		F4142F6B1CF0A23B004140FE = {
			isa = PBXGroup;
			children = (
				F4142F761CF0A23C004140FE /* Advanced Segues */,
				F4142F8B1CF0A23C004140FE /* Advanced SeguesTests */,
				F4142F961CF0A23C004140FE /* Advanced SeguesUITests */,
				F4142F751CF0A23C004140FE /* Products */,
			);
			sourceTree = "<group>";
		};
		F4142F751CF0A23C004140FE /* Products */ = {
			isa = PBXGroup;
			children = (
				F4142F741CF0A23C004140FE /* Advanced Segues.app */,
				F4142F881CF0A23C004140FE /* Advanced SeguesTests.xctest */,
				F4142F931CF0A23C004140FE /* Advanced SeguesUITests.xctest */,
			);
			name = Products;
			sourceTree = "<group>";
		};
		F4142F761CF0A23C004140FE /* Advanced Segues */ = {
			isa = PBXGroup;
			children = (
				F4142F771CF0A23C004140FE /* AppDelegate.swift */,
				F4142F791CF0A23C004140FE /* ViewController.swift */,
				F4142F7B1CF0A23C004140FE /* Main.storyboard */,
				F4142F7E1CF0A23C004140FE /* Assets.xcassets */,
				F4142F801CF0A23C004140FE /* LaunchScreen.storyboard */,
				F4142F831CF0A23C004140FE /* Info.plist */,
			);
			path = "Advanced Segues";
			sourceTree = "<group>";
		};
		F4142F8B1CF0A23C004140FE /* Advanced SeguesTests */ = {
			isa = PBXGroup;
			children = (
				F4142F8C1CF0A23C004140FE /* Advanced_SeguesTests.swift */,
				F4142F8E1CF0A23C004140FE /* Info.plist */,
			);
			path = "Advanced SeguesTests";
			sourceTree = "<group>";
		};
		F4142F961CF0A23C004140FE /* Advanced SeguesUITests */ = {
			isa = PBXGroup;
			children = (
				F4142F971CF0A23C004140FE /* Advanced_SeguesUITests.swift */,
				F4142F991CF0A23C004140FE /* Info.plist */,
			);
			path = "Advanced SeguesUITests";
			sourceTree = "<group>";
		};
/* End PBXGroup section */

/* Begin PBXNativeTarget section */
		F4142F731CF0A23B004140FE /* Advanced Segues */ = {
			isa = PBXNativeTarget;
			buildConfigurationList = F4142F9C1CF0A23C004140FE /* Build configuration list for PBXNativeTarget "Advanced Segues" */;
			buildPhases = (
				F4142F701CF0A23B004140FE /* Sources */,
				F4142F711CF0A23B004140FE /* Frameworks */,
				F4142F721CF0A23B004140FE /* Resources */,
			);
			buildRules = (
			);
			dependencies = (
			);
			name = "Advanced Segues";
			productName = "Advanced Segues";
			productReference = F4142F741CF0A23C004140FE /* Advanced Segues.app */;
			productType = "com.apple.product-type.application";
		};
		F4142F871CF0A23C004140FE /* Advanced SeguesTests */ = {
			isa = PBXNativeTarget;
			buildConfigurationList = F4142F9F1CF0A23C004140FE /* Build configuration list for PBXNativeTarget "Advanced SeguesTests" */;
			buildPhases = (
				F4142F841CF0A23C004140FE /* Sources */,
				F4142F851CF0A23C004140FE /* Frameworks */,
				F4142F861CF0A23C004140FE /* Resources */,
			);
			buildRules = (
			);
			dependencies = (
				F4142F8A1CF0A23C004140FE /* PBXTargetDependency */,
			);
			name = "Advanced SeguesTests";
			productName = "Advanced SeguesTests";
			productReference = F4142F881CF0A23C004140FE /* Advanced SeguesTests.xctest */;
			productType = "com.apple.product-type.bundle.unit-test";
		};
		F4142F921CF0A23C004140FE /* Advanced SeguesUITests */ = {
			isa = PBXNativeTarget;
			buildConfigurationList = F4142FA21CF0A23C004140FE /* Build configuration list for PBXNativeTarget "Advanced SeguesUITests" */;
			buildPhases = (
				F4142F8F1CF0A23C004140FE /* Sources */,
				F4142F901CF0A23C004140FE /* Frameworks */,
				F4142F911CF0A23C004140FE /* Resources */,
			);
			buildRules = (
			);
			dependencies = (
				F4142F951CF0A23C004140FE /* PBXTargetDependency */,
			);
			name = "Advanced SeguesUITests";
			productName = "Advanced SeguesUITests";
			productReference = F4142F931CF0A23C004140FE /* Advanced SeguesUITests.xctest */;
			productType = "com.apple.product-type.bundle.ui-testing";
		};
/* End PBXNativeTarget section */

/* Begin PBXProject section */
		F4142F6C1CF0A23B004140FE /* Project object */ = {
			isa = PBXProject;
			attributes = {
				LastSwiftUpdateCheck = 0730;
				LastUpgradeCheck = 0730;
				ORGANIZATIONNAME = CompName;
				TargetAttributes = {
					F4142F731CF0A23B004140FE = {
						CreatedOnToolsVersion = 7.3.1;
					};
					F4142F871CF0A23C004140FE = {
						CreatedOnToolsVersion = 7.3.1;
						TestTargetID = F4142F731CF0A23B004140FE;
					};
					F4142F921CF0A23C004140FE = {
						CreatedOnToolsVersion = 7.3.1;
						TestTargetID = F4142F731CF0A23B004140FE;
					};
				};
			};
			buildConfigurationList = F4142F6F1CF0A23B004140FE /* Build configuration list for PBXProject "Advanced Segues" */;
			compatibilityVersion = "Xcode 3.2";
			developmentRegion = English;
			hasScannedForEncodings = 0;
			knownRegions = (
				en,
				Base,
			);
			mainGroup = F4142F6B1CF0A23B004140FE;
			productRefGroup = F4142F751CF0A23C004140FE /* Products */;
			projectDirPath = "";
			projectRoot = "";
			targets = (
				F4142F731CF0A23B004140FE /* Advanced Segues */,
				F4142F871CF0A23C004140FE /* Advanced SeguesTests */,
				F4142F921CF0A23C004140FE /* Advanced SeguesUITests */,
			);
		};
/* End PBXProject section */

/* Begin PBXResourcesBuildPhase section */
		F4142F721CF0A23B004140FE /* Resources */ = {
			isa = PBXResourcesBuildPhase;
			buildActionMask = 2147483647;
			files = (
				F4142F821CF0A23C004140FE /* LaunchScreen.storyboard in Resources */,
				F4142F7F1CF0A23C004140FE /* Assets.xcassets in Resources */,
				F4142F7D1CF0A23C004140FE /* Main.storyboard in Resources */,
			);
			runOnlyForDeploymentPostprocessing = 0;
		};
		F4142F861CF0A23C004140FE /* Resources */ = {
			isa = PBXResourcesBuildPhase;
			buildActionMask = 2147483647;
			files = (
			);
			runOnlyForDeploymentPostprocessing = 0;
		};
		F4142F911CF0A23C004140FE /* Resources */ = {
			isa = PBXResourcesBuildPhase;
			buildActionMask = 2147483647;
			files = (
			);
			runOnlyForDeploymentPostprocessing = 0;
		};
/* End PBXResourcesBuildPhase section */

/* Begin PBXSourcesBuildPhase section */
		F4142F701CF0A23B004140FE /* Sources */ = {
			isa = PBXSourcesBuildPhase;
			buildActionMask = 2147483647;
			files = (
				F4142F7A1CF0A23C004140FE /* ViewController.swift in Sources */,
				F4142F781CF0A23C004140FE /* AppDelegate.swift in Sources */,
			);
			runOnlyForDeploymentPostprocessing = 0;
		};
		F4142F841CF0A23C004140FE /* Sources */ = {
			isa = PBXSourcesBuildPhase;
			buildActionMask = 2147483647;
			files = (
				F4142F8D1CF0A23C004140FE /* Advanced_SeguesTests.swift in Sources */,
			);
			runOnlyForDeploymentPostprocessing = 0;
		};
		F4142F8F1CF0A23C004140FE /* Sources */ = {
			isa = PBXSourcesBuildPhase;
			buildActionMask = 2147483647;
			files = (
				F4142F981CF0A23C004140FE /* Advanced_SeguesUITests.swift in Sources */,
			);
			runOnlyForDeploymentPostprocessing = 0;
		};
/* End PBXSourcesBuildPhase section */

/* Begin PBXTargetDependency section */
		F4142F8A1CF0A23C004140FE /* PBXTargetDependency */ = {
			isa = PBXTargetDependency;
			target = F4142F731CF0A23B004140FE /* Advanced Segues */;
			targetProxy = F4142F891CF0A23C004140FE /* PBXContainerItemProxy */;
		};
		F4142F951CF0A23C004140FE /* PBXTargetDependency */ = {
			isa = PBXTargetDependency;
			target = F4142F731CF0A23B004140FE /* Advanced Segues */;
			targetProxy = F4142F941CF0A23C004140FE /* PBXContainerItemProxy */;
		};
/* End PBXTargetDependency section */

/* Begin PBXVariantGroup section */
		F4142F7B1CF0A23C004140FE /* Main.storyboard */ = {
			isa = PBXVariantGroup;
			children = (
				F4142F7C1CF0A23C004140FE /* Base */,
			);
			name = Main.storyboard;
			sourceTree = "<group>";
		};
		F4142F801CF0A23C004140FE /* LaunchScreen.storyboard */ = {
			isa = PBXVariantGroup;
			children = (
				F4142F811CF0A23C004140FE /* Base */,
			);
			name = LaunchScreen.storyboard;
			sourceTree = "<group>";
		};
/* End PBXVariantGroup section */

/* Begin XCBuildConfiguration section */
		F4142F9A1CF0A23C004140FE /* Debug */ = {
			isa = XCBuildConfiguration;
			buildSettings = {
				ALWAYS_SEARCH_USER_PATHS = NO;
				CLANG_ANALYZER_NONNULL = YES;
				CLANG_CXX_LANGUAGE_STANDARD = "gnu++0x";
				CLANG_CXX_LIBRARY = "libc++";
				CLANG_ENABLE_MODULES = YES;
				CLANG_ENABLE_OBJC_ARC = YES;
				CLANG_WARN_BOOL_CONVERSION = YES;
				CLANG_WARN_CONSTANT_CONVERSION = YES;
				CLANG_WARN_DIRECT_OBJC_ISA_USAGE = YES_ERROR;
				CLANG_WARN_EMPTY_BODY = YES;
				CLANG_WARN_ENUM_CONVERSION = YES;
				CLANG_WARN_INT_CONVERSION = YES;
				CLANG_WARN_OBJC_ROOT_CLASS = YES_ERROR;
				CLANG_WARN_UNREACHABLE_CODE = YES;
				CLANG_WARN__DUPLICATE_METHOD_MATCH = YES;
				"CODE_SIGN_IDENTITY[sdk=iphoneos*]" = "iPhone Developer";
				COPY_PHASE_STRIP = NO;
				DEBUG_INFORMATION_FORMAT = dwarf;
				ENABLE_STRICT_OBJC_MSGSEND = YES;
				ENABLE_TESTABILITY = YES;
				GCC_C_LANGUAGE_STANDARD = gnu99;
				GCC_DYNAMIC_NO_PIC = NO;
				GCC_NO_COMMON_BLOCKS = YES;
				GCC_OPTIMIZATION_LEVEL = 0;
				GCC_PREPROCESSOR_DEFINITIONS = (
					"DEBUG=1",
					"$(inherited)",
				);
				GCC_WARN_64_TO_32_BIT_CONVERSION = YES;
				GCC_WARN_ABOUT_RETURN_TYPE = YES_ERROR;
				GCC_WARN_UNDECLARED_SELECTOR = YES;
				GCC_WARN_UNINITIALIZED_AUTOS = YES_AGGRESSIVE;
				GCC_WARN_UNUSED_FUNCTION = YES;
				GCC_WARN_UNUSED_VARIABLE = YES;
				IPHONEOS_DEPLOYMENT_TARGET = 9.3;
				MTL_ENABLE_DEBUG_INFO = YES;
				ONLY_ACTIVE_ARCH = YES;
				SDKROOT = iphoneos;
				SWIFT_OPTIMIZATION_LEVEL = "-Onone";
			};
			name = Debug;
		};
		F4142F9B1CF0A23C004140FE /* Release */ = {
			isa = XCBuildConfiguration;
			buildSettings = {
				ALWAYS_SEARCH_USER_PATHS = NO;
				CLANG_ANALYZER_NONNULL = YES;
				CLANG_CXX_LANGUAGE_STANDARD = "gnu++0x";
				CLANG_CXX_LIBRARY = "libc++";
				CLANG_ENABLE_MODULES = YES;
				CLANG_ENABLE_OBJC_ARC = YES;
				CLANG_WARN_BOOL_CONVERSION = YES;
				CLANG_WARN_CONSTANT_CONVERSION = YES;
				CLANG_WARN_DIRECT_OBJC_ISA_USAGE = YES_ERROR;
				CLANG_WARN_EMPTY_BODY = YES;
				CLANG_WARN_ENUM_CONVERSION = YES;
				CLANG_WARN_INT_CONVERSION = YES;
				CLANG_WARN_OBJC_ROOT_CLASS = YES_ERROR;
				CLANG_WARN_UNREACHABLE_CODE = YES;
				CLANG_WARN__DUPLICATE_METHOD_MATCH = YES;
				"CODE_SIGN_IDENTITY[sdk=iphoneos*]" = "iPhone Developer";
				COPY_PHASE_STRIP = NO;
				DEBUG_INFORMATION_FORMAT = "dwarf-with-dsym";
				ENABLE_NS_ASSERTIONS = NO;
				ENABLE_STRICT_OBJC_MSGSEND = YES;
				GCC_C_LANGUAGE_STANDARD = gnu99;
				GCC_NO_COMMON_BLOCKS = YES;
				GCC_WARN_64_TO_32_BIT_CONVERSION = YES;
				GCC_WARN_ABOUT_RETURN_TYPE = YES_ERROR;
				GCC_WARN_UNDECLARED_SELECTOR = YES;
				GCC_WARN_UNINITIALIZED_AUTOS = YES_AGGRESSIVE;
				GCC_WARN_UNUSED_FUNCTION = YES;
				GCC_WARN_UNUSED_VARIABLE = YES;
				IPHONEOS_DEPLOYMENT_TARGET = 9.3;
				MTL_ENABLE_DEBUG_INFO = NO;
				SDKROOT = iphoneos;
				VALIDATE_PRODUCT = YES;
			};
			name = Release;
		};
		F4142F9D1CF0A23C004140FE /* Debug */ = {
			isa = XCBuildConfiguration;
			buildSettings = {
				ASSETCATALOG_COMPILER_APPICON_NAME = AppIcon;
				INFOPLIST_FILE = "Advanced Segues/Info.plist";
				LD_RUNPATH_SEARCH_PATHS = "$(inherited) @executable_path/Frameworks";
				PRODUCT_BUNDLE_IDENTIFIER = "com.compname.Advanced-Segues";
				PRODUCT_NAME = "$(TARGET_NAME)";
			};
			name = Debug;
		};
		F4142F9E1CF0A23C004140FE /* Release */ = {
			isa = XCBuildConfiguration;
			buildSettings = {
				ASSETCATALOG_COMPILER_APPICON_NAME = AppIcon;
				INFOPLIST_FILE = "Advanced Segues/Info.plist";
				LD_RUNPATH_SEARCH_PATHS = "$(inherited) @executable_path/Frameworks";
				PRODUCT_BUNDLE_IDENTIFIER = "com.compname.Advanced-Segues";
				PRODUCT_NAME = "$(TARGET_NAME)";
			};
			name = Release;
		};
		F4142FA01CF0A23C004140FE /* Debug */ = {
			isa = XCBuildConfiguration;
			buildSettings = {
				BUNDLE_LOADER = "$(TEST_HOST)";
				INFOPLIST_FILE = "Advanced SeguesTests/Info.plist";
				LD_RUNPATH_SEARCH_PATHS = "$(inherited) @executable_path/Frameworks @loader_path/Frameworks";
				PRODUCT_BUNDLE_IDENTIFIER = "com.compname.Advanced-SeguesTests";
				PRODUCT_NAME = "$(TARGET_NAME)";
				TEST_HOST = "$(BUILT_PRODUCTS_DIR)/Advanced Segues.app/Advanced Segues";
			};
			name = Debug;
		};
		F4142FA11CF0A23C004140FE /* Release */ = {
			isa = XCBuildConfiguration;
			buildSettings = {
				BUNDLE_LOADER = "$(TEST_HOST)";
				INFOPLIST_FILE = "Advanced SeguesTests/Info.plist";
				LD_RUNPATH_SEARCH_PATHS = "$(inherited) @executable_path/Frameworks @loader_path/Frameworks";
				PRODUCT_BUNDLE_IDENTIFIER = "com.compname.Advanced-SeguesTests";
				PRODUCT_NAME = "$(TARGET_NAME)";
				TEST_HOST = "$(BUILT_PRODUCTS_DIR)/Advanced Segues.app/Advanced Segues";
			};
			name = Release;
		};
		F4142FA31CF0A23C004140FE /* Debug */ = {
			isa = XCBuildConfiguration;
			buildSettings = {
				INFOPLIST_FILE = "Advanced SeguesUITests/Info.plist";
				LD_RUNPATH_SEARCH_PATHS = "$(inherited) @executable_path/Frameworks @loader_path/Frameworks";
				PRODUCT_BUNDLE_IDENTIFIER = "com.compname.Advanced-SeguesUITests";
				PRODUCT_NAME = "$(TARGET_NAME)";
				TEST_TARGET_NAME = "Advanced Segues";
			};
			name = Debug;
		};
		F4142FA41CF0A23C004140FE /* Release */ = {
			isa = XCBuildConfiguration;
			buildSettings = {
				INFOPLIST_FILE = "Advanced SeguesUITests/Info.plist";
				LD_RUNPATH_SEARCH_PATHS = "$(inherited) @executable_path/Frameworks @loader_path/Frameworks";
				PRODUCT_BUNDLE_IDENTIFIER = "com.compname.Advanced-SeguesUITests";
				PRODUCT_NAME = "$(TARGET_NAME)";
				TEST_TARGET_NAME = "Advanced Segues";
			};
			name = Release;
		};
/* End XCBuildConfiguration section */

/* Begin XCConfigurationList section */
		F4142F6F1CF0A23B004140FE /* Build configuration list for PBXProject "Advanced Segues" */ = {
			isa = XCConfigurationList;
			buildConfigurations = (
				F4142F9A1CF0A23C004140FE /* Debug */,
				F4142F9B1CF0A23C004140FE /* Release */,
			);
			defaultConfigurationIsVisible = 0;
			defaultConfigurationName = Release;
		};
		F4142F9C1CF0A23C004140FE /* Build configuration list for PBXNativeTarget "Advanced Segues" */ = {
			isa = XCConfigurationList;
			buildConfigurations = (
				F4142F9D1CF0A23C004140FE /* Debug */,
				F4142F9E1CF0A23C004140FE /* Release */,
			);
			defaultConfigurationIsVisible = 0;
		};
		F4142F9F1CF0A23C004140FE /* Build configuration list for PBXNativeTarget "Advanced SeguesTests" */ = {
			isa = XCConfigurationList;
			buildConfigurations = (
				F4142FA01CF0A23C004140FE /* Debug */,
				F4142FA11CF0A23C004140FE /* Release */,
			);
			defaultConfigurationIsVisible = 0;
		};
		F4142FA21CF0A23C004140FE /* Build configuration list for PBXNativeTarget "Advanced SeguesUITests" */ = {
			isa = XCConfigurationList;
			buildConfigurations = (
				F4142FA31CF0A23C004140FE /* Debug */,
				F4142FA41CF0A23C004140FE /* Release */,
			);
			defaultConfigurationIsVisible = 0;
		};
/* End XCConfigurationList section */
	};
	rootObject = F4142F6C1CF0A23B004140FE /* Project object */;
}
